version = 1
revision = 3
requires-python = ">=3.14"

[[package]]
name = "asgiref"
version = "3.10.0"
source = { registry = "https://pypi.org/simple" }
sdist = { url = "https://files.pythonhosted.org/packages/46/08/4dfec9b90758a59acc6be32ac82e98d1fbfc321cb5cfa410436dbacf821c/asgiref-3.10.0.tar.gz", hash = "sha256:d89f2d8cd8b56dada7d52fa7dc8075baa08fb836560710d38c292a7a3f78c04e", size = 37483, upload-time = "2025-10-05T09:15:06.557Z" }
wheels = [
    { url = "https://files.pythonhosted.org/packages/17/9c/fc2331f538fbf7eedba64b2052e99ccf9ba9d6888e2f41441ee28847004b/asgiref-3.10.0-py3-none-any.whl", hash = "sha256:aef8a81283a34d0ab31630c9b7dfe70c812c95eba78171367ca8745e88124734", size = 24050, upload-time = "2025-10-05T09:15:05.11Z" },
]

[[package]]
name = "click"
version = "8.3.0"
source = { registry = "https://pypi.org/simple" }
dependencies = [
    { name = "colorama", marker = "sys_platform == 'win32'" },
]
sdist = { url = "https://files.pythonhosted.org/packages/46/61/de6cd827efad202d7057d93e0fed9294b96952e188f7384832791c7b2254/click-8.3.0.tar.gz", hash = "sha256:e7b8232224eba16f4ebe410c25ced9f7875cb5f3263ffc93cc3e8da705e229c4", size = 276943, upload-time = "2025-09-18T17:32:23.696Z" }
wheels = [
    { url = "https://files.pythonhosted.org/packages/db/d3/9dcc0f5797f070ec8edf30fbadfb200e71d9db6b84d211e3b2085a7589a0/click-8.3.0-py3-none-any.whl", hash = "sha256:9b9f285302c6e3064f4330c05f05b81945b2a39544279343e6e7c5f27a9baddc", size = 107295, upload-time = "2025-09-18T17:32:22.42Z" },
]

[[package]]
name = "colorama"
version = "0.4.6"
source = { registry = "https://pypi.org/simple" }
sdist = { url = "https://files.pythonhosted.org/packages/d8/53/6f443c9a4a8358a93a6792e2acffb9d9d5cb0a5cfd8802644b7b1c9a02e4/colorama-0.4.6.tar.gz", hash = "sha256:08695f5cb7ed6e0531a20572697297273c47b8cae5a63ffc6d6ed5c201be6e44", size = 27697, upload-time = "2022-10-25T02:36:22.414Z" }
wheels = [
    { url = "https://files.pythonhosted.org/packages/d1/d6/3965ed04c63042e047cb6a3e6ed1a63a35087b6a609aa3a15ed8ac56c221/colorama-0.4.6-py2.py3-none-any.whl", hash = "sha256:4f1d9991f5acc0ca119f9d443620b77f9d6b33703e51011c16baf57afb285fc6", size = 25335, upload-time = "2022-10-25T02:36:20.889Z" },
]

[[package]]
name = "cssbeautifier"
version = "1.15.4"
source = { registry = "https://pypi.org/simple" }
dependencies = [
    { name = "editorconfig" },
    { name = "jsbeautifier" },
    { name = "six" },
]
sdist = { url = "https://files.pythonhosted.org/packages/f7/01/fdf41c1e5f93d359681976ba10410a04b299d248e28ecce1d4e88588dde4/cssbeautifier-1.15.4.tar.gz", hash = "sha256:9bb08dc3f64c101a01677f128acf01905914cf406baf87434dcde05b74c0acf5", size = 25376, upload-time = "2025-02-27T17:53:51.341Z" }
wheels = [
    { url = "https://files.pythonhosted.org/packages/63/51/ef6c5628e46092f0a54c7cee69acc827adc6b6aab57b55d344fefbdf28f1/cssbeautifier-1.15.4-py3-none-any.whl", hash = "sha256:78c84d5e5378df7d08622bbd0477a1abdbd209680e95480bf22f12d5701efc98", size = 123667, upload-time = "2025-02-27T17:53:43.594Z" },
]

[[package]]
name = "django"
version = "6.0b1"
source = { registry = "https://pypi.org/simple" }
dependencies = [
    { name = "asgiref" },
    { name = "sqlparse" },
    { name = "tzdata", marker = "sys_platform == 'win32'" },
]
sdist = { url = "https://files.pythonhosted.org/packages/b4/33/7f7f188e31b3283f95112d0fa45bb2bdefb4d4aae203d8df816763f44677/django-6.0b1.tar.gz", hash = "sha256:1a5435aba85a72fd471ad82b7f516fa607b8c59671c9c26e76753c5d275a6877", size = 11172994, upload-time = "2025-10-22T18:50:52.505Z" }
wheels = [
    { url = "https://files.pythonhosted.org/packages/0e/1a/306fda7e62e27ccbcb92d97f67f1094352a9f22c62f3c2b238fa50eb82d7/django-6.0b1-py3-none-any.whl", hash = "sha256:9787a6afc0b003048159758f00c1b3e4b858b089d262680b6e30ea75ecac78e5", size = 8320481, upload-time = "2025-10-22T18:50:49.035Z" },
]

[[package]]
name = "djlint"
version = "1.36.4"
source = { registry = "https://pypi.org/simple" }
dependencies = [
    { name = "click" },
    { name = "colorama" },
    { name = "cssbeautifier" },
    { name = "jsbeautifier" },
    { name = "json5" },
    { name = "pathspec" },
    { name = "pyyaml" },
    { name = "regex" },
    { name = "tqdm" },
]
sdist = { url = "https://files.pythonhosted.org/packages/74/89/ecf5be9f5c59a0c53bcaa29671742c5e269cc7d0e2622e3f65f41df251bf/djlint-1.36.4.tar.gz", hash = "sha256:17254f218b46fe5a714b224c85074c099bcb74e3b2e1f15c2ddc2cf415a408a1", size = 47849, upload-time = "2024-12-24T13:06:36.36Z" }
wheels = [
    { url = "https://files.pythonhosted.org/packages/4b/67/f7aeea9be6fb3bd984487af8d0d80225a0b1e5f6f7126e3332d349fb13fe/djlint-1.36.4-py3-none-any.whl", hash = "sha256:e9699b8ac3057a6ed04fb90835b89bee954ed1959c01541ce4f8f729c938afdd", size = 52290, upload-time = "2024-12-24T13:06:33.76Z" },
]

[[package]]
name = "editorconfig"
version = "0.17.1"
source = { registry = "https://pypi.org/simple" }
sdist = { url = "https://files.pythonhosted.org/packages/88/3a/a61d9a1f319a186b05d14df17daea42fcddea63c213bcd61a929fb3a6796/editorconfig-0.17.1.tar.gz", hash = "sha256:23c08b00e8e08cc3adcddb825251c497478df1dada6aefeb01e626ad37303745", size = 14695, upload-time = "2025-06-09T08:21:37.097Z" }
wheels = [
    { url = "https://files.pythonhosted.org/packages/96/fd/a40c621ff207f3ce8e484aa0fc8ba4eb6e3ecf52e15b42ba764b457a9550/editorconfig-0.17.1-py3-none-any.whl", hash = "sha256:1eda9c2c0db8c16dbd50111b710572a5e6de934e39772de1959d41f64fc17c82", size = 16360, upload-time = "2025-06-09T08:21:35.654Z" },
]

[[package]]
name = "gunicorn"
version = "23.0.0"
source = { registry = "https://pypi.org/simple" }
dependencies = [
    { name = "packaging" },
]
sdist = { url = "https://files.pythonhosted.org/packages/34/72/9614c465dc206155d93eff0ca20d42e1e35afc533971379482de953521a4/gunicorn-23.0.0.tar.gz", hash = "sha256:f014447a0101dc57e294f6c18ca6b40227a4c90e9bdb586042628030cba004ec", size = 375031, upload-time = "2024-08-10T20:25:27.378Z" }
wheels = [
    { url = "https://files.pythonhosted.org/packages/cb/7d/6dac2a6e1eba33ee43f318edbed4ff29151a49b5d37f080aad1e6469bca4/gunicorn-23.0.0-py3-none-any.whl", hash = "sha256:ec400d38950de4dfd418cff8328b2c8faed0edb0d517d3394e457c317908ca4d", size = 85029, upload-time = "2024-08-10T20:25:24.996Z" },
]

[[package]]
name = "jsbeautifier"
version = "1.15.4"
source = { registry = "https://pypi.org/simple" }
dependencies = [
    { name = "editorconfig" },
    { name = "six" },
]
sdist = { url = "https://files.pythonhosted.org/packages/ea/98/d6cadf4d5a1c03b2136837a435682418c29fdeb66be137128544cecc5b7a/jsbeautifier-1.15.4.tar.gz", hash = "sha256:5bb18d9efb9331d825735fbc5360ee8f1aac5e52780042803943aa7f854f7592", size = 75257, upload-time = "2025-02-27T17:53:53.252Z" }
wheels = [
    { url = "https://files.pythonhosted.org/packages/2d/14/1c65fccf8413d5f5c6e8425f84675169654395098000d8bddc4e9d3390e1/jsbeautifier-1.15.4-py3-none-any.whl", hash = "sha256:72f65de312a3f10900d7685557f84cb61a9733c50dcc27271a39f5b0051bf528", size = 94707, upload-time = "2025-02-27T17:53:46.152Z" },
]

[[package]]
name = "json5"
version = "0.12.1"
source = { registry = "https://pypi.org/simple" }
sdist = { url = "https://files.pythonhosted.org/packages/12/ae/929aee9619e9eba9015207a9d2c1c54db18311da7eb4dcf6d41ad6f0eb67/json5-0.12.1.tar.gz", hash = "sha256:b2743e77b3242f8d03c143dd975a6ec7c52e2f2afe76ed934e53503dd4ad4990", size = 52191, upload-time = "2025-08-12T19:47:42.583Z" }
wheels = [
    { url = "https://files.pythonhosted.org/packages/85/e2/05328bd2621be49a6fed9e3030b1e51a2d04537d3f816d211b9cc53c5262/json5-0.12.1-py3-none-any.whl", hash = "sha256:d9c9b3bc34a5f54d43c35e11ef7cb87d8bdd098c6ace87117a7b7e83e705c1d5", size = 36119, upload-time = "2025-08-12T19:47:41.131Z" },
]

[[package]]
name = "packaging"
version = "25.0"
source = { registry = "https://pypi.org/simple" }
sdist = { url = "https://files.pythonhosted.org/packages/a1/d4/1fc4078c65507b51b96ca8f8c3ba19e6a61c8253c72794544580a7b6c24d/packaging-25.0.tar.gz", hash = "sha256:d443872c98d677bf60f6a1f2f8c1cb748e8fe762d2bf9d3148b5599295b0fc4f", size = 165727, upload-time = "2025-04-19T11:48:59.673Z" }
wheels = [
    { url = "https://files.pythonhosted.org/packages/20/12/38679034af332785aac8774540895e234f4d07f7545804097de4b666afd8/packaging-25.0-py3-none-any.whl", hash = "sha256:29572ef2b1f17581046b3a2227d5c611fb25ec70ca1ba8554b24b0e69331a484", size = 66469, upload-time = "2025-04-19T11:48:57.875Z" },
]

[[package]]
name = "pathspec"
version = "0.12.1"
source = { registry = "https://pypi.org/simple" }
sdist = { url = "https://files.pythonhosted.org/packages/ca/bc/f35b8446f4531a7cb215605d100cd88b7ac6f44ab3fc94870c120ab3adbf/pathspec-0.12.1.tar.gz", hash = "sha256:a482d51503a1ab33b1c67a6c3813a26953dbdc71c31dacaef9a838c4e29f5712", size = 51043, upload-time = "2023-12-10T22:30:45Z" }
wheels = [
    { url = "https://files.pythonhosted.org/packages/cc/20/ff623b09d963f88bfde16306a54e12ee5ea43e9b597108672ff3a408aad6/pathspec-0.12.1-py3-none-any.whl", hash = "sha256:a0d503e138a4c123b27490a4f7beda6a01c6f288df0e4a8b79c7eb0dc7b4cc08", size = 31191, upload-time = "2023-12-10T22:30:43.14Z" },
]

[[package]]
name = "python-decouple"
version = "3.8"
source = { registry = "https://pypi.org/simple" }
sdist = { url = "https://files.pythonhosted.org/packages/e1/97/373dcd5844ec0ea5893e13c39a2c67e7537987ad8de3842fe078db4582fa/python-decouple-3.8.tar.gz", hash = "sha256:ba6e2657d4f376ecc46f77a3a615e058d93ba5e465c01bbe57289bfb7cce680f", size = 9612, upload-time = "2023-03-01T19:38:38.143Z" }
wheels = [
    { url = "https://files.pythonhosted.org/packages/a2/d4/9193206c4563ec771faf2ccf54815ca7918529fe81f6adb22ee6d0e06622/python_decouple-3.8-py3-none-any.whl", hash = "sha256:d0d45340815b25f4de59c974b855bb38d03151d81b037d9e3f463b0c9f8cbd66", size = 9947, upload-time = "2023-03-01T19:38:36.015Z" },
]

[[package]]
name = "pyyaml"
version = "6.0.3"
source = { registry = "https://pypi.org/simple" }
sdist = { url = "https://files.pythonhosted.org/packages/05/8e/961c0007c59b8dd7729d542c61a4d537767a59645b82a0b521206e1e25c2/pyyaml-6.0.3.tar.gz", hash = "sha256:d76623373421df22fb4cf8817020cbb7ef15c725b9d5e45f17e189bfc384190f", size = 130960, upload-time = "2025-09-25T21:33:16.546Z" }
wheels = [
    { url = "https://files.pythonhosted.org/packages/9d/8c/f4bd7f6465179953d3ac9bc44ac1a8a3e6122cf8ada906b4f96c60172d43/pyyaml-6.0.3-cp314-cp314-macosx_10_13_x86_64.whl", hash = "sha256:8d1fab6bb153a416f9aeb4b8763bc0f22a5586065f86f7664fc23339fc1c1fac", size = 181814, upload-time = "2025-09-25T21:32:35.712Z" },
    { url = "https://files.pythonhosted.org/packages/bd/9c/4d95bb87eb2063d20db7b60faa3840c1b18025517ae857371c4dd55a6b3a/pyyaml-6.0.3-cp314-cp314-macosx_11_0_arm64.whl", hash = "sha256:34d5fcd24b8445fadc33f9cf348c1047101756fd760b4dacb5c3e99755703310", size = 173809, upload-time = "2025-09-25T21:32:36.789Z" },
    { url = "https://files.pythonhosted.org/packages/92/b5/47e807c2623074914e29dabd16cbbdd4bf5e9b2db9f8090fa64411fc5382/pyyaml-6.0.3-cp314-cp314-manylinux2014_aarch64.manylinux_2_17_aarch64.manylinux_2_28_aarch64.whl", hash = "sha256:501a031947e3a9025ed4405a168e6ef5ae3126c59f90ce0cd6f2bfc477be31b7", size = 766454, upload-time = "2025-09-25T21:32:37.966Z" },
    { url = "https://files.pythonhosted.org/packages/02/9e/e5e9b168be58564121efb3de6859c452fccde0ab093d8438905899a3a483/pyyaml-6.0.3-cp314-cp314-manylinux2014_s390x.manylinux_2_17_s390x.manylinux_2_28_s390x.whl", hash = "sha256:b3bc83488de33889877a0f2543ade9f70c67d66d9ebb4ac959502e12de895788", size = 836355, upload-time = "2025-09-25T21:32:39.178Z" },
    { url = "https://files.pythonhosted.org/packages/88/f9/16491d7ed2a919954993e48aa941b200f38040928474c9e85ea9e64222c3/pyyaml-6.0.3-cp314-cp314-manylinux2014_x86_64.manylinux_2_17_x86_64.manylinux_2_28_x86_64.whl", hash = "sha256:c458b6d084f9b935061bc36216e8a69a7e293a2f1e68bf956dcd9e6cbcd143f5", size = 794175, upload-time = "2025-09-25T21:32:40.865Z" },
    { url = "https://files.pythonhosted.org/packages/dd/3f/5989debef34dc6397317802b527dbbafb2b4760878a53d4166579111411e/pyyaml-6.0.3-cp314-cp314-musllinux_1_2_aarch64.whl", hash = "sha256:7c6610def4f163542a622a73fb39f534f8c101d690126992300bf3207eab9764", size = 755228, upload-time = "2025-09-25T21:32:42.084Z" },
    { url = "https://files.pythonhosted.org/packages/d7/ce/af88a49043cd2e265be63d083fc75b27b6ed062f5f9fd6cdc223ad62f03e/pyyaml-6.0.3-cp314-cp314-musllinux_1_2_x86_64.whl", hash = "sha256:5190d403f121660ce8d1d2c1bb2ef1bd05b5f68533fc5c2ea899bd15f4399b35", size = 789194, upload-time = "2025-09-25T21:32:43.362Z" },
    { url = "https://files.pythonhosted.org/packages/23/20/bb6982b26a40bb43951265ba29d4c246ef0ff59c9fdcdf0ed04e0687de4d/pyyaml-6.0.3-cp314-cp314-win_amd64.whl", hash = "sha256:4a2e8cebe2ff6ab7d1050ecd59c25d4c8bd7e6f400f5f82b96557ac0abafd0ac", size = 156429, upload-time = "2025-09-25T21:32:57.844Z" },
    { url = "https://files.pythonhosted.org/packages/f4/f4/a4541072bb9422c8a883ab55255f918fa378ecf083f5b85e87fc2b4eda1b/pyyaml-6.0.3-cp314-cp314-win_arm64.whl", hash = "sha256:93dda82c9c22deb0a405ea4dc5f2d0cda384168e466364dec6255b293923b2f3", size = 143912, upload-time = "2025-09-25T21:32:59.247Z" },
    { url = "https://files.pythonhosted.org/packages/7c/f9/07dd09ae774e4616edf6cda684ee78f97777bdd15847253637a6f052a62f/pyyaml-6.0.3-cp314-cp314t-macosx_10_13_x86_64.whl", hash = "sha256:02893d100e99e03eda1c8fd5c441d8c60103fd175728e23e431db1b589cf5ab3", size = 189108, upload-time = "2025-09-25T21:32:44.377Z" },
    { url = "https://files.pythonhosted.org/packages/4e/78/8d08c9fb7ce09ad8c38ad533c1191cf27f7ae1effe5bb9400a46d9437fcf/pyyaml-6.0.3-cp314-cp314t-macosx_11_0_arm64.whl", hash = "sha256:c1ff362665ae507275af2853520967820d9124984e0f7466736aea23d8611fba", size = 183641, upload-time = "2025-09-25T21:32:45.407Z" },
    { url = "https://files.pythonhosted.org/packages/7b/5b/3babb19104a46945cf816d047db2788bcaf8c94527a805610b0289a01c6b/pyyaml-6.0.3-cp314-cp314t-manylinux2014_aarch64.manylinux_2_17_aarch64.manylinux_2_28_aarch64.whl", hash = "sha256:6adc77889b628398debc7b65c073bcb99c4a0237b248cacaf3fe8a557563ef6c", size = 831901, upload-time = "2025-09-25T21:32:48.83Z" },
    { url = "https://files.pythonhosted.org/packages/8b/cc/dff0684d8dc44da4d22a13f35f073d558c268780ce3c6ba1b87055bb0b87/pyyaml-6.0.3-cp314-cp314t-manylinux2014_s390x.manylinux_2_17_s390x.manylinux_2_28_s390x.whl", hash = "sha256:a80cb027f6b349846a3bf6d73b5e95e782175e52f22108cfa17876aaeff93702", size = 861132, upload-time = "2025-09-25T21:32:50.149Z" },
    { url = "https://files.pythonhosted.org/packages/b1/5e/f77dc6b9036943e285ba76b49e118d9ea929885becb0a29ba8a7c75e29fe/pyyaml-6.0.3-cp314-cp314t-manylinux2014_x86_64.manylinux_2_17_x86_64.manylinux_2_28_x86_64.whl", hash = "sha256:00c4bdeba853cc34e7dd471f16b4114f4162dc03e6b7afcc2128711f0eca823c", size = 839261, upload-time = "2025-09-25T21:32:51.808Z" },
    { url = "https://files.pythonhosted.org/packages/ce/88/a9db1376aa2a228197c58b37302f284b5617f56a5d959fd1763fb1675ce6/pyyaml-6.0.3-cp314-cp314t-musllinux_1_2_aarch64.whl", hash = "sha256:66e1674c3ef6f541c35191caae2d429b967b99e02040f5ba928632d9a7f0f065", size = 805272, upload-time = "2025-09-25T21:32:52.941Z" },
    { url = "https://files.pythonhosted.org/packages/da/92/1446574745d74df0c92e6aa4a7b0b3130706a4142b2d1a5869f2eaa423c6/pyyaml-6.0.3-cp314-cp314t-musllinux_1_2_x86_64.whl", hash = "sha256:16249ee61e95f858e83976573de0f5b2893b3677ba71c9dd36b9cf8be9ac6d65", size = 829923, upload-time = "2025-09-25T21:32:54.537Z" },
    { url = "https://files.pythonhosted.org/packages/f0/7a/1c7270340330e575b92f397352af856a8c06f230aa3e76f86b39d01b416a/pyyaml-6.0.3-cp314-cp314t-win_amd64.whl", hash = "sha256:4ad1906908f2f5ae4e5a8ddfce73c320c2a1429ec52eafd27138b7f1cbe341c9", size = 174062, upload-time = "2025-09-25T21:32:55.767Z" },
    { url = "https://files.pythonhosted.org/packages/f1/12/de94a39c2ef588c7e6455cfbe7343d3b2dc9d6b6b2f40c4c6565744c873d/pyyaml-6.0.3-cp314-cp314t-win_arm64.whl", hash = "sha256:ebc55a14a21cb14062aa4162f906cd962b28e2e9ea38f9b4391244cd8de4ae0b", size = 149341, upload-time = "2025-09-25T21:32:56.828Z" },
]

[[package]]
name = "regex"
version = "2025.10.23"
source = { registry = "https://pypi.org/simple" }
sdist = { url = "https://files.pythonhosted.org/packages/f8/c8/1d2160d36b11fbe0a61acb7c3c81ab032d9ec8ad888ac9e0a61b85ab99dd/regex-2025.10.23.tar.gz", hash = "sha256:8cbaf8ceb88f96ae2356d01b9adf5e6306fa42fa6f7eab6b97794e37c959ac26", size = 401266, upload-time = "2025-10-21T15:58:20.23Z" }
wheels = [
    { url = "https://files.pythonhosted.org/packages/73/f6/0caf29fec943f201fbc8822879c99d31e59c1d51a983d9843ee5cf398539/regex-2025.10.23-cp314-cp314-macosx_10_13_universal2.whl", hash = "sha256:5b5cb5b6344c4c4c24b2dc87b0bfee78202b07ef7633385df70da7fcf6f7cec6", size = 488960, upload-time = "2025-10-21T15:56:40.849Z" },
    { url = "https://files.pythonhosted.org/packages/8e/7d/ebb7085b8fa31c24ce0355107cea2b92229d9050552a01c5d291c42aecea/regex-2025.10.23-cp314-cp314-macosx_10_13_x86_64.whl", hash = "sha256:a6ce7973384c37bdf0f371a843f95a6e6f4e1489e10e0cf57330198df72959c5", size = 290932, upload-time = "2025-10-21T15:56:42.875Z" },
    { url = "https://files.pythonhosted.org/packages/27/41/43906867287cbb5ca4cee671c3cc8081e15deef86a8189c3aad9ac9f6b4d/regex-2025.10.23-cp314-cp314-macosx_11_0_arm64.whl", hash = "sha256:2ee3663f2c334959016b56e3bd0dd187cbc73f948e3a3af14c3caaa0c3035d10", size = 288766, upload-time = "2025-10-21T15:56:44.894Z" },
    { url = "https://files.pythonhosted.org/packages/ab/9e/ea66132776700fc77a39b1056e7a5f1308032fead94507e208dc6716b7cd/regex-2025.10.23-cp314-cp314-manylinux2014_aarch64.manylinux_2_17_aarch64.manylinux_2_28_aarch64.whl", hash = "sha256:2003cc82a579107e70d013482acce8ba773293f2db534fb532738395c557ff34", size = 798884, upload-time = "2025-10-21T15:56:47.178Z" },
    { url = "https://files.pythonhosted.org/packages/d5/99/aed1453687ab63819a443930770db972c5c8064421f0d9f5da9ad029f26b/regex-2025.10.23-cp314-cp314-manylinux2014_ppc64le.manylinux_2_17_ppc64le.manylinux_2_28_ppc64le.whl", hash = "sha256:182c452279365a93a9f45874f7f191ec1c51e1f1eb41bf2b16563f1a40c1da3a", size = 864768, upload-time = "2025-10-21T15:56:49.793Z" },
    { url = "https://files.pythonhosted.org/packages/99/5d/732fe747a1304805eb3853ce6337eea16b169f7105a0d0dd9c6a5ffa9948/regex-2025.10.23-cp314-cp314-manylinux2014_s390x.manylinux_2_17_s390x.manylinux_2_28_s390x.whl", hash = "sha256:b1249e9ff581c5b658c8f0437f883b01f1edcf424a16388591e7c05e5e9e8b0c", size = 911394, upload-time = "2025-10-21T15:56:52.186Z" },
    { url = "https://files.pythonhosted.org/packages/5e/48/58a1f6623466522352a6efa153b9a3714fc559d9f930e9bc947b4a88a2c3/regex-2025.10.23-cp314-cp314-manylinux2014_x86_64.manylinux_2_17_x86_64.manylinux_2_28_x86_64.whl", hash = "sha256:2b841698f93db3ccc36caa1900d2a3be281d9539b822dc012f08fc80b46a3224", size = 803145, upload-time = "2025-10-21T15:56:55.142Z" },
    { url = "https://files.pythonhosted.org/packages/ea/f6/7dea79be2681a5574ab3fc237aa53b2c1dfd6bd2b44d4640b6c76f33f4c1/regex-2025.10.23-cp314-cp314-musllinux_1_2_aarch64.whl", hash = "sha256:956d89e0c92d471e8f7eee73f73fdff5ed345886378c45a43175a77538a1ffe4", size = 787831, upload-time = "2025-10-21T15:56:57.203Z" },
    { url = "https://files.pythonhosted.org/packages/3a/ad/07b76950fbbe65f88120ca2d8d845047c401450f607c99ed38862904671d/regex-2025.10.23-cp314-cp314-musllinux_1_2_ppc64le.whl", hash = "sha256:5c259cb363299a0d90d63b5c0d7568ee98419861618a95ee9d91a41cb9954462", size = 859162, upload-time = "2025-10-21T15:56:59.195Z" },
    { url = "https://files.pythonhosted.org/packages/41/87/374f3b2021b22aa6a4fc0b750d63f9721e53d1631a238f7a1c343c1cd288/regex-2025.10.23-cp314-cp314-musllinux_1_2_s390x.whl", hash = "sha256:185d2b18c062820b3a40d8fefa223a83f10b20a674bf6e8c4a432e8dfd844627", size = 849899, upload-time = "2025-10-21T15:57:01.747Z" },
    { url = "https://files.pythonhosted.org/packages/12/4a/7f7bb17c5a5a9747249807210e348450dab9212a46ae6d23ebce86ba6a2b/regex-2025.10.23-cp314-cp314-musllinux_1_2_x86_64.whl", hash = "sha256:281d87fa790049c2b7c1b4253121edd80b392b19b5a3d28dc2a77579cb2a58ec", size = 789372, upload-time = "2025-10-21T15:57:04.018Z" },
    { url = "https://files.pythonhosted.org/packages/c9/dd/9c7728ff544fea09bbc8635e4c9e7c423b11c24f1a7a14e6ac4831466709/regex-2025.10.23-cp314-cp314-win32.whl", hash = "sha256:63b81eef3656072e4ca87c58084c7a9c2b81d41a300b157be635a8a675aacfb8", size = 271451, upload-time = "2025-10-21T15:57:06.266Z" },
    { url = "https://files.pythonhosted.org/packages/48/f8/ef7837ff858eb74079c4804c10b0403c0b740762e6eedba41062225f7117/regex-2025.10.23-cp314-cp314-win_amd64.whl", hash = "sha256:0967c5b86f274800a34a4ed862dfab56928144d03cb18821c5153f8777947796", size = 280173, upload-time = "2025-10-21T15:57:08.206Z" },
    { url = "https://files.pythonhosted.org/packages/8e/d0/d576e1dbd9885bfcd83d0e90762beea48d9373a6f7ed39170f44ed22e336/regex-2025.10.23-cp314-cp314-win_arm64.whl", hash = "sha256:c70dfe58b0a00b36aa04cdb0f798bf3e0adc31747641f69e191109fd8572c9a9", size = 273206, upload-time = "2025-10-21T15:57:10.367Z" },
    { url = "https://files.pythonhosted.org/packages/a6/d0/2025268315e8b2b7b660039824cb7765a41623e97d4cd421510925400487/regex-2025.10.23-cp314-cp314t-macosx_10_13_universal2.whl", hash = "sha256:1f5799ea1787aa6de6c150377d11afad39a38afd033f0c5247aecb997978c422", size = 491854, upload-time = "2025-10-21T15:57:12.526Z" },
    { url = "https://files.pythonhosted.org/packages/44/35/5681c2fec5e8b33454390af209c4353dfc44606bf06d714b0b8bd0454ffe/regex-2025.10.23-cp314-cp314t-macosx_10_13_x86_64.whl", hash = "sha256:a9639ab7540cfea45ef57d16dcbea2e22de351998d614c3ad2f9778fa3bdd788", size = 292542, upload-time = "2025-10-21T15:57:15.158Z" },
    { url = "https://files.pythonhosted.org/packages/5d/17/184eed05543b724132e4a18149e900f5189001fcfe2d64edaae4fbaf36b4/regex-2025.10.23-cp314-cp314t-macosx_11_0_arm64.whl", hash = "sha256:08f52122c352eb44c3421dab78b9b73a8a77a282cc8314ae576fcaa92b780d10", size = 290903, upload-time = "2025-10-21T15:57:17.108Z" },
    { url = "https://files.pythonhosted.org/packages/25/d0/5e3347aa0db0de382dddfa133a7b0ae72f24b4344f3989398980b44a3924/regex-2025.10.23-cp314-cp314t-manylinux2014_aarch64.manylinux_2_17_aarch64.manylinux_2_28_aarch64.whl", hash = "sha256:ebf1baebef1c4088ad5a5623decec6b52950f0e4d7a0ae4d48f0a99f8c9cb7d7", size = 807546, upload-time = "2025-10-21T15:57:19.179Z" },
    { url = "https://files.pythonhosted.org/packages/d2/bb/40c589bbdce1be0c55e9f8159789d58d47a22014f2f820cf2b517a5cd193/regex-2025.10.23-cp314-cp314t-manylinux2014_ppc64le.manylinux_2_17_ppc64le.manylinux_2_28_ppc64le.whl", hash = "sha256:16b0f1c2e2d566c562d5c384c2b492646be0a19798532fdc1fdedacc66e3223f", size = 873322, upload-time = "2025-10-21T15:57:21.36Z" },
    { url = "https://files.pythonhosted.org/packages/fe/56/a7e40c01575ac93360e606278d359f91829781a9f7fb6e5aa435039edbda/regex-2025.10.23-cp314-cp314t-manylinux2014_s390x.manylinux_2_17_s390x.manylinux_2_28_s390x.whl", hash = "sha256:f7ada5d9dceafaab92646aa00c10a9efd9b09942dd9b0d7c5a4b73db92cc7e61", size = 914855, upload-time = "2025-10-21T15:57:24.044Z" },
    { url = "https://files.pythonhosted.org/packages/5c/4b/d55587b192763db3163c3f508b3b67b31bb6f5e7a0e08b83013d0a59500a/regex-2025.10.23-cp314-cp314t-manylinux2014_x86_64.manylinux_2_17_x86_64.manylinux_2_28_x86_64.whl", hash = "sha256:3a36b4005770044bf08edecc798f0e41a75795b9e7c9c12fe29da8d792ef870c", size = 812724, upload-time = "2025-10-21T15:57:26.123Z" },
    { url = "https://files.pythonhosted.org/packages/33/20/18bac334955fbe99d17229f4f8e98d05e4a501ac03a442be8facbb37c304/regex-2025.10.23-cp314-cp314t-musllinux_1_2_aarch64.whl", hash = "sha256:af7b2661dcc032da1fae82069b5ebf2ac1dfcd5359ef8b35e1367bfc92181432", size = 795439, upload-time = "2025-10-21T15:57:28.497Z" },
    { url = "https://files.pythonhosted.org/packages/67/46/c57266be9df8549c7d85deb4cb82280cb0019e46fff677534c5fa1badfa4/regex-2025.10.23-cp314-cp314t-musllinux_1_2_ppc64le.whl", hash = "sha256:1cb976810ac1416a67562c2e5ba0accf6f928932320fef302e08100ed681b38e", size = 868336, upload-time = "2025-10-21T15:57:30.867Z" },
    { url = "https://files.pythonhosted.org/packages/b8/f3/bd5879e41ef8187fec5e678e94b526a93f99e7bbe0437b0f2b47f9101694/regex-2025.10.23-cp314-cp314t-musllinux_1_2_s390x.whl", hash = "sha256:1a56a54be3897d62f54290190fbcd754bff6932934529fbf5b29933da28fcd43", size = 854567, upload-time = "2025-10-21T15:57:33.062Z" },
    { url = "https://files.pythonhosted.org/packages/e6/57/2b6bbdbd2f24dfed5b028033aa17ad8f7d86bb28f1a892cac8b3bc89d059/regex-2025.10.23-cp314-cp314t-musllinux_1_2_x86_64.whl", hash = "sha256:8f3e6d202fb52c2153f532043bbcf618fd177df47b0b306741eb9b60ba96edc3", size = 799565, upload-time = "2025-10-21T15:57:35.153Z" },
    { url = "https://files.pythonhosted.org/packages/c7/ba/a6168f542ba73b151ed81237adf6b869c7b2f7f8d51618111296674e20ee/regex-2025.10.23-cp314-cp314t-win32.whl", hash = "sha256:1fa1186966b2621b1769fd467c7b22e317e6ba2d2cdcecc42ea3089ef04a8521", size = 274428, upload-time = "2025-10-21T15:57:37.996Z" },
    { url = "https://files.pythonhosted.org/packages/ef/a0/c84475e14a2829e9b0864ebf77c3f7da909df9d8acfe2bb540ff0072047c/regex-2025.10.23-cp314-cp314t-win_amd64.whl", hash = "sha256:08a15d40ce28362eac3e78e83d75475147869c1ff86bc93285f43b4f4431a741", size = 284140, upload-time = "2025-10-21T15:57:40.027Z" },
    { url = "https://files.pythonhosted.org/packages/51/33/6a08ade0eee5b8ba79386869fa6f77afeb835b60510f3525db987e2fffc4/regex-2025.10.23-cp314-cp314t-win_arm64.whl", hash = "sha256:a93e97338e1c8ea2649e130dcfbe8cd69bba5e1e163834752ab64dcb4de6d5ed", size = 274497, upload-time = "2025-10-21T15:57:42.389Z" },
]

[[package]]
name = "six"
version = "1.17.0"
source = { registry = "https://pypi.org/simple" }
sdist = { url = "https://files.pythonhosted.org/packages/94/e7/b2c673351809dca68a0e064b6af791aa332cf192da575fd474ed7d6f16a2/six-1.17.0.tar.gz", hash = "sha256:ff70335d468e7eb6ec65b95b99d3a2836546063f63acc5171de367e834932a81", size = 34031, upload-time = "2024-12-04T17:35:28.174Z" }
wheels = [
    { url = "https://files.pythonhosted.org/packages/b7/ce/149a00dd41f10bc29e5921b496af8b574d8413afcd5e30dfa0ed46c2cc5e/six-1.17.0-py2.py3-none-any.whl", hash = "sha256:4721f391ed90541fddacab5acf947aa0d3dc7d27b2e1e8eda2be8970586c3274", size = 11050, upload-time = "2024-12-04T17:35:26.475Z" },
]

[[package]]
name = "smis"
version = "0.1.0"
source = { virtual = "." }
dependencies = [
    { name = "django" },
    { name = "gunicorn" },
    { name = "python-decouple" },
]

[package.dev-dependencies]
dev = [
    { name = "djlint" },
]

[package.metadata]
requires-dist = [
    { name = "django", specifier = ">=6.0b1" },
    { name = "gunicorn", specifier = ">=23.0.0" },
    { name = "python-decouple", specifier = ">=3.8" },
]

[package.metadata.requires-dev]
dev = [{ name = "djlint", specifier = ">=1.36.4" }]

[[package]]
name = "sqlparse"
version = "0.5.3"
source = { registry = "https://pypi.org/simple" }
sdist = { url = "https://files.pythonhosted.org/packages/e5/40/edede8dd6977b0d3da179a342c198ed100dd2aba4be081861ee5911e4da4/sqlparse-0.5.3.tar.gz", hash = "sha256:09f67787f56a0b16ecdbde1bfc7f5d9c3371ca683cfeaa8e6ff60b4807ec9272", size = 84999, upload-time = "2024-12-10T12:05:30.728Z" }
wheels = [
    { url = "https://files.pythonhosted.org/packages/a9/5c/bfd6bd0bf979426d405cc6e71eceb8701b148b16c21d2dc3c261efc61c7b/sqlparse-0.5.3-py3-none-any.whl", hash = "sha256:cf2196ed3418f3ba5de6af7e82c694a9fbdbfecccdfc72e281548517081f16ca", size = 44415, upload-time = "2024-12-10T12:05:27.824Z" },
]

[[package]]
name = "tqdm"
version = "4.67.1"
source = { registry = "https://pypi.org/simple" }
dependencies = [
    { name = "colorama", marker = "sys_platform == 'win32'" },
]
sdist = { url = "https://files.pythonhosted.org/packages/a8/4b/29b4ef32e036bb34e4ab51796dd745cdba7ed47ad142a9f4a1eb8e0c744d/tqdm-4.67.1.tar.gz", hash = "sha256:f8aef9c52c08c13a65f30ea34f4e5aac3fd1a34959879d7e59e63027286627f2", size = 169737, upload-time = "2024-11-24T20:12:22.481Z" }
wheels = [
    { url = "https://files.pythonhosted.org/packages/d0/30/dc54f88dd4a2b5dc8a0279bdd7270e735851848b762aeb1c1184ed1f6b14/tqdm-4.67.1-py3-none-any.whl", hash = "sha256:26445eca388f82e72884e0d580d5464cd801a3ea01e63e5601bdff9ba6a48de2", size = 78540, upload-time = "2024-11-24T20:12:19.698Z" },
]

[[package]]
name = "tzdata"
version = "2025.2"
source = { registry = "https://pypi.org/simple" }
sdist = { url = "https://files.pythonhosted.org/packages/95/32/1a225d6164441be760d75c2c42e2780dc0873fe382da3e98a2e1e48361e5/tzdata-2025.2.tar.gz", hash = "sha256:b60a638fcc0daffadf82fe0f57e53d06bdec2f36c4df66280ae79bce6bd6f2b9", size = 196380, upload-time = "2025-03-23T13:54:43.652Z" }
wheels = [
    { url = "https://files.pythonhosted.org/packages/5c/23/c7abc0ca0a1526a0774eca151daeb8de62ec457e77262b66b359c3c7679e/tzdata-2025.2-py2.py3-none-any.whl", hash = "sha256:1a403fada01ff9221ca8044d701868fa132215d84beb92242d9acd2147f667a8", size = 347839, upload-time = "2025-03-23T13:54:41.845Z" },
]
